{
  "name": "@crystallize/react-dialog",
  "version": "0.0.0",
  "lockfileVersion": 1,
  "requires": true,
  "dependencies": {
    "a11y-dialog": {
      "version": "5.0.1",
      "resolved": "https://registry.npmjs.org/a11y-dialog/-/a11y-dialog-5.0.1.tgz",
      "integrity": "sha512-vU1evLFHybfsoZt0wcaanb78Rynlo3/fIRrmKMTtsJjljdzC5RokBf3ewhLsKKybD3fWy6QR4NUrOo0M4yds2w=="
    }
  }
}
